
Microsoft Visual Studio Solution File, Format Version 12.00
# Visual Studio Version 16
VisualStudioVersion = 16.0.35325.158
MinimumVisualStudioVersion = 10.0.40219.1
Project("{FAE04EC0-301F-11D3-BF4B-00C04F79EFBC}") = "DocuPixie", "DocuPixie.csproj", "{DF56E608-5922-4BF2-8506-9C876AEBCE8D}"
EndProject
Global
	GlobalSection(SolutionConfigurationPlatforms) = preSolution
		Debug|Any CPU = Debug|Any CPU
		Release|Any CPU = Release|Any CPU
	EndGlobalSection
	GlobalSection(ProjectConfigurationPlatforms) = postSolution
		{DF56E608-5922-4BF2-8506-9C876AEBCE8D}.Debug|Any CPU.ActiveCfg = Debug|Any CPU
		{DF56E608-5922-4BF2-8506-9C876AEBCE8D}.Debug|Any CPU.Build.0 = Debug|Any CPU
		{DF56E608-5922-4BF2-8506-9C876AEBCE8D}.Release|Any CPU.ActiveCfg = Release|Any CPU
		{DF56E608-5922-4BF2-8506-9C876AEBCE8D}.Release|Any CPU.Build.0 = Release|Any CPU
	EndGlobalSection
	GlobalSection(SolutionProperties) = preSolution
		HideSolutionNode = FALSE
	EndGlobalSection
	GlobalSection(ExtensibilityGlobals) = postSolution
		SolutionGuid = {8EA9C6DF-232D-4BE1-99EC-336834C09624}
	EndGlobalSection
EndGlobal
